Microsoft Visual Studio Solution File, Format Version 12.00
# Visual Studio 2012
Project("{FAE04EC0-301F-11D3-BF4B-00C04F79EFBC}") = "yawnpito", "yawnpito.csproj", "{E17A6753-208F-46A2-BBB9-328AF42538C4}"
EndProject
Global
	GlobalSection(SolutionConfigurationPlatforms) = preSolution
	Debug|Any CPU = Debug|Any CPU
	ExportDebug|Any CPU = ExportDebug|Any CPU
	ExportRelease|Any CPU = ExportRelease|Any CPU
	EndGlobalSection
	GlobalSection(ProjectConfigurationPlatforms) = postSolution
		{E17A6753-208F-46A2-BBB9-328AF42538C4}.Debug|Any CPU.ActiveCfg = Debug|Any CPU
		{E17A6753-208F-46A2-BBB9-328AF42538C4}.Debug|Any CPU.Build.0 = Debug|Any CPU
		{E17A6753-208F-46A2-BBB9-328AF42538C4}.ExportDebug|Any CPU.ActiveCfg = ExportDebug|Any CPU
		{E17A6753-208F-46A2-BBB9-328AF42538C4}.ExportDebug|Any CPU.Build.0 = ExportDebug|Any CPU
		{E17A6753-208F-46A2-BBB9-328AF42538C4}.ExportRelease|Any CPU.ActiveCfg = ExportRelease|Any CPU
		{E17A6753-208F-46A2-BBB9-328AF42538C4}.ExportRelease|Any CPU.Build.0 = ExportRelease|Any CPU
	EndGlobalSection
EndGlobal
